
Microsoft Visual Studio Solution File, Format Version 12.00
# Visual Studio Version 17
VisualStudioVersion = 17.9.34728.123
MinimumVisualStudioVersion = 10.0.40219.1

# ═══════════════════════════════════════════════════════
#  CORE LAYER — Pure business logic, zero dependencies
# ═══════════════════════════════════════════════════════

Project("{FAE04EC0-301F-11D3-BF4B-00C04F79EFBC}") = "CleanArch.Domain", "src\Core\Domain\CleanArch.Domain.csproj", "{10000000-0000-0000-0000-000000000001}"
EndProject
Project("{FAE04EC0-301F-11D3-BF4B-00C04F79EFBC}") = "CleanArch.Application", "src\Core\Application\CleanArch.Application.csproj", "{10000000-0000-0000-0000-000000000002}"
EndProject
Project("{FAE04EC0-301F-11D3-BF4B-00C04F79EFBC}") = "CleanArch.SharedKernel", "src\Core\SharedKernel\CleanArch.SharedKernel.csproj", "{10000000-0000-0000-0000-000000000003}"
EndProject

# ═══════════════════════════════════════════════════════
#  EXTERNAL LAYER — Adapters & drivers
# ═══════════════════════════════════════════════════════

Project("{FAE04EC0-301F-11D3-BF4B-00C04F79EFBC}") = "CleanArch.Infrastructure", "src\External\Infrastructure\CleanArch.Infrastructure.csproj", "{20000000-0000-0000-0000-000000000001}"
EndProject
Project("{FAE04EC0-301F-11D3-BF4B-00C04F79EFBC}") = "CleanArch.Presentation", "src\External\Presentation\CleanArch.Presentation.csproj", "{20000000-0000-0000-0000-000000000002}"
EndProject
Project("{FAE04EC0-301F-11D3-BF4B-00C04F79EFBC}") = "CleanArch.Migrator", "src\External\Migrator\CleanArch.Migrator.csproj", "{20000000-0000-0000-0000-000000000003}"
EndProject

# ═══════════════════════════════════════════════════════
#  CROSS-CUTTING — Shared infrastructure concerns
# ═══════════════════════════════════════════════════════

Project("{FAE04EC0-301F-11D3-BF4B-00C04F79EFBC}") = "CleanArch.CrossCutting", "src\CrossCutting\CleanArch.CrossCutting.csproj", "{30000000-0000-0000-0000-000000000001}"
EndProject

# ═══════════════════════════════════════════════════════
#  TESTS
# ═══════════════════════════════════════════════════════

Project("{FAE04EC0-301F-11D3-BF4B-00C04F79EFBC}") = "CleanArch.UnitTests", "tests\Unit\CleanArch.UnitTests.csproj", "{40000000-0000-0000-0000-000000000001}"
EndProject
Project("{FAE04EC0-301F-11D3-BF4B-00C04F79EFBC}") = "CleanArch.IntegrationTests", "tests\Integration\CleanArch.IntegrationTests.csproj", "{40000000-0000-0000-0000-000000000002}"
EndProject
Project("{FAE04EC0-301F-11D3-BF4B-00C04F79EFBC}") = "CleanArch.ArchitectureTests", "tests\Architecture\CleanArch.ArchitectureTests.csproj", "{40000000-0000-0000-0000-000000000003}"
EndProject

# ═══════════════════════════════════════════════════════
#  SOLUTION FOLDERS (IDE grouping)
# ═══════════════════════════════════════════════════════

Project("{2150E333-8FDC-42A3-9474-1A3956D46DE8}") = "src", "src", "{F0000000-0000-0000-0000-000000000001}"
EndProject
Project("{2150E333-8FDC-42A3-9474-1A3956D46DE8}") = "tests", "tests", "{F0000000-0000-0000-0000-000000000002}"
EndProject
Project("{2150E333-8FDC-42A3-9474-1A3956D46DE8}") = "deploy", "deploy", "{F0000000-0000-0000-0000-000000000003}"
EndProject

Global
    GlobalSection(SolutionConfigurationPlatforms) = preSolution
        Debug|Any CPU = Debug|Any CPU
        Release|Any CPU = Release|Any CPU
    EndGlobalSection

    GlobalSection(ProjectConfigurationPlatforms) = postSolution
        {10000000-0000-0000-0000-000000000001}.Debug|Any CPU.ActiveCfg = Debug|Any CPU
        {10000000-0000-0000-0000-000000000001}.Debug|Any CPU.Build.0 = Debug|Any CPU
        {10000000-0000-0000-0000-000000000001}.Release|Any CPU.ActiveCfg = Release|Any CPU
        {10000000-0000-0000-0000-000000000001}.Release|Any CPU.Build.0 = Release|Any CPU
        {10000000-0000-0000-0000-000000000002}.Debug|Any CPU.ActiveCfg = Debug|Any CPU
        {10000000-0000-0000-0000-000000000002}.Debug|Any CPU.Build.0 = Debug|Any CPU
        {10000000-0000-0000-0000-000000000002}.Release|Any CPU.ActiveCfg = Release|Any CPU
        {10000000-0000-0000-0000-000000000002}.Release|Any CPU.Build.0 = Release|Any CPU
        {10000000-0000-0000-0000-000000000003}.Debug|Any CPU.ActiveCfg = Debug|Any CPU
        {10000000-0000-0000-0000-000000000003}.Debug|Any CPU.Build.0 = Debug|Any CPU
        {10000000-0000-0000-0000-000000000003}.Release|Any CPU.ActiveCfg = Release|Any CPU
        {10000000-0000-0000-0000-000000000003}.Release|Any CPU.Build.0 = Release|Any CPU
        {20000000-0000-0000-0000-000000000001}.Debug|Any CPU.ActiveCfg = Debug|Any CPU
        {20000000-0000-0000-0000-000000000001}.Debug|Any CPU.Build.0 = Debug|Any CPU
        {20000000-0000-0000-0000-000000000001}.Release|Any CPU.ActiveCfg = Release|Any CPU
        {20000000-0000-0000-0000-000000000001}.Release|Any CPU.Build.0 = Release|Any CPU
        {20000000-0000-0000-0000-000000000002}.Debug|Any CPU.ActiveCfg = Debug|Any CPU
        {20000000-0000-0000-0000-000000000002}.Debug|Any CPU.Build.0 = Debug|Any CPU
        {20000000-0000-0000-0000-000000000002}.Release|Any CPU.ActiveCfg = Release|Any CPU
        {20000000-0000-0000-0000-000000000002}.Release|Any CPU.Build.0 = Release|Any CPU
        {20000000-0000-0000-0000-000000000003}.Debug|Any CPU.ActiveCfg = Debug|Any CPU
        {20000000-0000-0000-0000-000000000003}.Debug|Any CPU.Build.0 = Debug|Any CPU
        {20000000-0000-0000-0000-000000000003}.Release|Any CPU.ActiveCfg = Release|Any CPU
        {20000000-0000-0000-0000-000000000003}.Release|Any CPU.Build.0 = Release|Any CPU
        {30000000-0000-0000-0000-000000000001}.Debug|Any CPU.ActiveCfg = Debug|Any CPU
        {30000000-0000-0000-0000-000000000001}.Debug|Any CPU.Build.0 = Debug|Any CPU
        {30000000-0000-0000-0000-000000000001}.Release|Any CPU.ActiveCfg = Release|Any CPU
        {30000000-0000-0000-0000-000000000001}.Release|Any CPU.Build.0 = Release|Any CPU
        {40000000-0000-0000-0000-000000000001}.Debug|Any CPU.ActiveCfg = Debug|Any CPU
        {40000000-0000-0000-0000-000000000001}.Debug|Any CPU.Build.0 = Debug|Any CPU
        {40000000-0000-0000-0000-000000000001}.Release|Any CPU.ActiveCfg = Release|Any CPU
        {40000000-0000-0000-0000-000000000001}.Release|Any CPU.Build.0 = Release|Any CPU
        {40000000-0000-0000-0000-000000000002}.Debug|Any CPU.ActiveCfg = Debug|Any CPU
        {40000000-0000-0000-0000-000000000002}.Debug|Any CPU.Build.0 = Debug|Any CPU
        {40000000-0000-0000-0000-000000000002}.Release|Any CPU.ActiveCfg = Release|Any CPU
        {40000000-0000-0000-0000-000000000002}.Release|Any CPU.Build.0 = Release|Any CPU
        {40000000-0000-0000-0000-000000000003}.Debug|Any CPU.ActiveCfg = Debug|Any CPU
        {40000000-0000-0000-0000-000000000003}.Debug|Any CPU.Build.0 = Debug|Any CPU
        {40000000-0000-0000-0000-000000000003}.Release|Any CPU.ActiveCfg = Release|Any CPU
        {40000000-0000-0000-0000-000000000003}.Release|Any CPU.Build.0 = Release|Any CPU
    EndGlobalSection

    GlobalSection(NestedProjects) = preSolution
        {10000000-0000-0000-0000-000000000001} = {F0000000-0000-0000-0000-000000000001}
        {10000000-0000-0000-0000-000000000002} = {F0000000-0000-0000-0000-000000000001}
        {10000000-0000-0000-0000-000000000003} = {F0000000-0000-0000-0000-000000000001}
        {20000000-0000-0000-0000-000000000001} = {F0000000-0000-0000-0000-000000000001}
        {20000000-0000-0000-0000-000000000002} = {F0000000-0000-0000-0000-000000000001}
        {20000000-0000-0000-0000-000000000003} = {F0000000-0000-0000-0000-000000000001}
        {30000000-0000-0000-0000-000000000001} = {F0000000-0000-0000-0000-000000000001}
        {40000000-0000-0000-0000-000000000001} = {F0000000-0000-0000-0000-000000000002}
        {40000000-0000-0000-0000-000000000002} = {F0000000-0000-0000-0000-000000000002}
        {40000000-0000-0000-0000-000000000003} = {F0000000-0000-0000-0000-000000000002}
    EndGlobalSection
EndGlobal
